
Microsoft Visual Studio Solution File, Format Version 12.00
# Visual Studio Version 17
VisualStudioVersion = 17.0.31903.59
MinimumVisualStudioVersion = 10.0.40219.1
Project("{2150E333-8FDC-42A3-9474-1A3956D46DE8}") = "src", "src", "{827E0CD3-B72D-47B6-A68D-7590B98EB39B}"
EndProject
Project("{FAE04EC0-301F-11D3-BF4B-00C04F79EFBC}") = "Feriados.Mcp", "src\Feriados.Mcp\Feriados.Mcp.csproj", "{C3B8AF24-5927-48E6-98DA-8C11D026BCEA}"
EndProject
Project("{FAE04EC0-301F-11D3-BF4B-00C04F79EFBC}") = "Feriados.Web", "src\Feriados.Web\Feriados.Web.csproj", "{22C37A45-07BC-463E-B920-9933175BE1C4}"
EndProject
Project("{2150E333-8FDC-42A3-9474-1A3956D46DE8}") = "tests", "tests", "{0AB3BF05-4346-4AA6-1389-037BE0695223}"
EndProject
Project("{FAE04EC0-301F-11D3-BF4B-00C04F79EFBC}") = "Feriados.Mcp.Tests", "tests\Feriados.Mcp.Tests\Feriados.Mcp.Tests.csproj", "{9567D8D1-FFAB-4CBC-A50E-094EC7C6F1AA}"
EndProject
Project("{FAE04EC0-301F-11D3-BF4B-00C04F79EFBC}") = "Feriados.Web.Tests", "tests\Feriados.Web.Tests\Feriados.Web.Tests.csproj", "{BBE135F8-30FE-4AE6-B19E-F226D90A6BAD}"
EndProject
Global
	GlobalSection(SolutionConfigurationPlatforms) = preSolution
		Debug|Any CPU = Debug|Any CPU
		Debug|x64 = Debug|x64
		Debug|x86 = Debug|x86
		Release|Any CPU = Release|Any CPU
		Release|x64 = Release|x64
		Release|x86 = Release|x86
	EndGlobalSection
	GlobalSection(ProjectConfigurationPlatforms) = postSolution
		{C3B8AF24-5927-48E6-98DA-8C11D026BCEA}.Debug|Any CPU.ActiveCfg = Debug|Any CPU
		{C3B8AF24-5927-48E6-98DA-8C11D026BCEA}.Debug|Any CPU.Build.0 = Debug|Any CPU
		{C3B8AF24-5927-48E6-98DA-8C11D026BCEA}.Debug|x64.ActiveCfg = Debug|Any CPU
		{C3B8AF24-5927-48E6-98DA-8C11D026BCEA}.Debug|x64.Build.0 = Debug|Any CPU
		{C3B8AF24-5927-48E6-98DA-8C11D026BCEA}.Debug|x86.ActiveCfg = Debug|Any CPU
		{C3B8AF24-5927-48E6-98DA-8C11D026BCEA}.Debug|x86.Build.0 = Debug|Any CPU
		{C3B8AF24-5927-48E6-98DA-8C11D026BCEA}.Release|Any CPU.ActiveCfg = Release|Any CPU
		{C3B8AF24-5927-48E6-98DA-8C11D026BCEA}.Release|Any CPU.Build.0 = Release|Any CPU
		{C3B8AF24-5927-48E6-98DA-8C11D026BCEA}.Release|x64.ActiveCfg = Release|Any CPU
		{C3B8AF24-5927-48E6-98DA-8C11D026BCEA}.Release|x64.Build.0 = Release|Any CPU
		{C3B8AF24-5927-48E6-98DA-8C11D026BCEA}.Release|x86.ActiveCfg = Release|Any CPU
		{C3B8AF24-5927-48E6-98DA-8C11D026BCEA}.Release|x86.Build.0 = Release|Any CPU
		{22C37A45-07BC-463E-B920-9933175BE1C4}.Debug|Any CPU.ActiveCfg = Debug|Any CPU
		{22C37A45-07BC-463E-B920-9933175BE1C4}.Debug|Any CPU.Build.0 = Debug|Any CPU
		{22C37A45-07BC-463E-B920-9933175BE1C4}.Debug|x64.ActiveCfg = Debug|Any CPU
		{22C37A45-07BC-463E-B920-9933175BE1C4}.Debug|x64.Build.0 = Debug|Any CPU
		{22C37A45-07BC-463E-B920-9933175BE1C4}.Debug|x86.ActiveCfg = Debug|Any CPU
		{22C37A45-07BC-463E-B920-9933175BE1C4}.Debug|x86.Build.0 = Debug|Any CPU
		{22C37A45-07BC-463E-B920-9933175BE1C4}.Release|Any CPU.ActiveCfg = Release|Any CPU
		{22C37A45-07BC-463E-B920-9933175BE1C4}.Release|Any CPU.Build.0 = Release|Any CPU
		{22C37A45-07BC-463E-B920-9933175BE1C4}.Release|x64.ActiveCfg = Release|Any CPU
		{22C37A45-07BC-463E-B920-9933175BE1C4}.Release|x64.Build.0 = Release|Any CPU
		{22C37A45-07BC-463E-B920-9933175BE1C4}.Release|x86.ActiveCfg = Release|Any CPU
		{22C37A45-07BC-463E-B920-9933175BE1C4}.Release|x86.Build.0 = Release|Any CPU
		{9567D8D1-FFAB-4CBC-A50E-094EC7C6F1AA}.Debug|Any CPU.ActiveCfg = Debug|Any CPU
		{9567D8D1-FFAB-4CBC-A50E-094EC7C6F1AA}.Debug|Any CPU.Build.0 = Debug|Any CPU
		{9567D8D1-FFAB-4CBC-A50E-094EC7C6F1AA}.Debug|x64.ActiveCfg = Debug|Any CPU
		{9567D8D1-FFAB-4CBC-A50E-094EC7C6F1AA}.Debug|x64.Build.0 = Debug|Any CPU
		{9567D8D1-FFAB-4CBC-A50E-094EC7C6F1AA}.Debug|x86.ActiveCfg = Debug|Any CPU
		{9567D8D1-FFAB-4CBC-A50E-094EC7C6F1AA}.Debug|x86.Build.0 = Debug|Any CPU
		{9567D8D1-FFAB-4CBC-A50E-094EC7C6F1AA}.Release|Any CPU.ActiveCfg = Release|Any CPU
		{9567D8D1-FFAB-4CBC-A50E-094EC7C6F1AA}.Release|Any CPU.Build.0 = Release|Any CPU
		{9567D8D1-FFAB-4CBC-A50E-094EC7C6F1AA}.Release|x64.ActiveCfg = Release|Any CPU
		{9567D8D1-FFAB-4CBC-A50E-094EC7C6F1AA}.Release|x64.Build.0 = Release|Any CPU
		{9567D8D1-FFAB-4CBC-A50E-094EC7C6F1AA}.Release|x86.ActiveCfg = Release|Any CPU
		{9567D8D1-FFAB-4CBC-A50E-094EC7C6F1AA}.Release|x86.Build.0 = Release|Any CPU
		{BBE135F8-30FE-4AE6-B19E-F226D90A6BAD}.Debug|Any CPU.ActiveCfg = Debug|Any CPU
		{BBE135F8-30FE-4AE6-B19E-F226D90A6BAD}.Debug|Any CPU.Build.0 = Debug|Any CPU
		{BBE135F8-30FE-4AE6-B19E-F226D90A6BAD}.Debug|x64.ActiveCfg = Debug|Any CPU
		{BBE135F8-30FE-4AE6-B19E-F226D90A6BAD}.Debug|x64.Build.0 = Debug|Any CPU
		{BBE135F8-30FE-4AE6-B19E-F226D90A6BAD}.Debug|x86.ActiveCfg = Debug|Any CPU
		{BBE135F8-30FE-4AE6-B19E-F226D90A6BAD}.Debug|x86.Build.0 = Debug|Any CPU
		{BBE135F8-30FE-4AE6-B19E-F226D90A6BAD}.Release|Any CPU.ActiveCfg = Release|Any CPU
		{BBE135F8-30FE-4AE6-B19E-F226D90A6BAD}.Release|Any CPU.Build.0 = Release|Any CPU
		{BBE135F8-30FE-4AE6-B19E-F226D90A6BAD}.Release|x64.ActiveCfg = Release|Any CPU
		{BBE135F8-30FE-4AE6-B19E-F226D90A6BAD}.Release|x64.Build.0 = Release|Any CPU
		{BBE135F8-30FE-4AE6-B19E-F226D90A6BAD}.Release|x86.ActiveCfg = Release|Any CPU
		{BBE135F8-30FE-4AE6-B19E-F226D90A6BAD}.Release|x86.Build.0 = Release|Any CPU
	EndGlobalSection
	GlobalSection(SolutionProperties) = preSolution
		HideSolutionNode = FALSE
	EndGlobalSection
	GlobalSection(NestedProjects) = preSolution
		{C3B8AF24-5927-48E6-98DA-8C11D026BCEA} = {827E0CD3-B72D-47B6-A68D-7590B98EB39B}
		{22C37A45-07BC-463E-B920-9933175BE1C4} = {827E0CD3-B72D-47B6-A68D-7590B98EB39B}
		{9567D8D1-FFAB-4CBC-A50E-094EC7C6F1AA} = {0AB3BF05-4346-4AA6-1389-037BE0695223}
		{BBE135F8-30FE-4AE6-B19E-F226D90A6BAD} = {0AB3BF05-4346-4AA6-1389-037BE0695223}
	EndGlobalSection
EndGlobal
